
Microsoft Visual Studio Solution File, Format Version 12.00
# Visual Studio Version 17
VisualStudioVersion = 17.4.33110.190
MinimumVisualStudioVersion = 10.0.40219.1
Project("{FAE04EC0-301F-11D3-BF4B-00C04F79EFBC}") = "OOP7", "OOP7.csproj", "{726EA15C-F1AE-417F-9D2A-20E5D223B1AF}"
EndProject
Global
	GlobalSection(SolutionConfigurationPlatforms) = preSolution
		Debug|Any CPU = Debug|Any CPU
		Release|Any CPU = Release|Any CPU
	EndGlobalSection
	GlobalSection(ProjectConfigurationPlatforms) = postSolution
		{726EA15C-F1AE-417F-9D2A-20E5D223B1AF}.Debug|Any CPU.ActiveCfg = Debug|Any CPU
		{726EA15C-F1AE-417F-9D2A-20E5D223B1AF}.Debug|Any CPU.Build.0 = Debug|Any CPU
		{726EA15C-F1AE-417F-9D2A-20E5D223B1AF}.Release|Any CPU.ActiveCfg = Release|Any CPU
		{726EA15C-F1AE-417F-9D2A-20E5D223B1AF}.Release|Any CPU.Build.0 = Release|Any CPU
	EndGlobalSection
	GlobalSection(SolutionProperties) = preSolution
		HideSolutionNode = FALSE
	EndGlobalSection
	GlobalSection(ExtensibilityGlobals) = postSolution
		SolutionGuid = {FED0369C-F42D-46EC-A162-28AAE19BD31B}
	EndGlobalSection
EndGlobal
