
Microsoft Visual Studio Solution File, Format Version 12.00
# Visual Studio Version 16
VisualStudioVersion = 16.0.33529.622
MinimumVisualStudioVersion = 10.0.40219.1
Project("{8BC9CEB8-8B4A-11D0-8D11-00A0C91BC942}") = "TransferAndReturnObj", "TransferAndReturnObj\TransferAndReturnObj.vcxproj", "{D9628DD7-67FB-4A49-96D5-3C5976EBF983}"
EndProject
Global
	GlobalSection(SolutionConfigurationPlatforms) = preSolution
		Debug|x64 = Debug|x64
		Debug|x86 = Debug|x86
		Release|x64 = Release|x64
		Release|x86 = Release|x86
	EndGlobalSection
	GlobalSection(ProjectConfigurationPlatforms) = postSolution
		{D9628DD7-67FB-4A49-96D5-3C5976EBF983}.Debug|x64.ActiveCfg = Debug|x64
		{D9628DD7-67FB-4A49-96D5-3C5976EBF983}.Debug|x64.Build.0 = Debug|x64
		{D9628DD7-67FB-4A49-96D5-3C5976EBF983}.Debug|x86.ActiveCfg = Debug|Win32
		{D9628DD7-67FB-4A49-96D5-3C5976EBF983}.Debug|x86.Build.0 = Debug|Win32
		{D9628DD7-67FB-4A49-96D5-3C5976EBF983}.Release|x64.ActiveCfg = Release|x64
		{D9628DD7-67FB-4A49-96D5-3C5976EBF983}.Release|x64.Build.0 = Release|x64
		{D9628DD7-67FB-4A49-96D5-3C5976EBF983}.Release|x86.ActiveCfg = Release|Win32
		{D9628DD7-67FB-4A49-96D5-3C5976EBF983}.Release|x86.Build.0 = Release|Win32
	EndGlobalSection
	GlobalSection(SolutionProperties) = preSolution
		HideSolutionNode = FALSE
	EndGlobalSection
	GlobalSection(ExtensibilityGlobals) = postSolution
		SolutionGuid = {D5AEB4AC-1CE6-4BED-8B60-A428F875BDD7}
	EndGlobalSection
EndGlobal
